
Microsoft Visual Studio Solution File, Format Version 12.00
# Visual Studio Version 17
VisualStudioVersion = 17.4.33213.308
MinimumVisualStudioVersion = 10.0.40219.1
Project("{FAE04EC0-301F-11D3-BF4B-00C04F79EFBC}") = "Numerical Analysis", "Numerical Analysis\Numerical Analysis.csproj", "{D28AAABE-A7F1-4DF4-95D4-360ADC18FFA5}"
EndProject
Global
	GlobalSection(SolutionConfigurationPlatforms) = preSolution
		Debug|Any CPU = Debug|Any CPU
		Release|Any CPU = Release|Any CPU
	EndGlobalSection
	GlobalSection(ProjectConfigurationPlatforms) = postSolution
		{D28AAABE-A7F1-4DF4-95D4-360ADC18FFA5}.Debug|Any CPU.ActiveCfg = Debug|Any CPU
		{D28AAABE-A7F1-4DF4-95D4-360ADC18FFA5}.Debug|Any CPU.Build.0 = Debug|Any CPU
		{D28AAABE-A7F1-4DF4-95D4-360ADC18FFA5}.Release|Any CPU.ActiveCfg = Release|Any CPU
		{D28AAABE-A7F1-4DF4-95D4-360ADC18FFA5}.Release|Any CPU.Build.0 = Release|Any CPU
	EndGlobalSection
	GlobalSection(SolutionProperties) = preSolution
		HideSolutionNode = FALSE
	EndGlobalSection
	GlobalSection(ExtensibilityGlobals) = postSolution
		SolutionGuid = {37DEA364-45B4-4A60-B436-757D843E3700}
	EndGlobalSection
EndGlobal
